// !$*UTF8*$!
{
	archiveVersion = 1;
	classes = {
	};
	objectVersion = 56;
	objects = {

/* Begin PBXBuildFile section */
		BB1CFDE62C212654006F3FAE /* RecipeApp.swift in Sources */ = {isa = PBXBuildFile; fileRef = BB1CFDE52C212654006F3FAE /* RecipeApp.swift */; };
		BB1CFDE82C212654006F3FAE /* ContentView.swift in Sources */ = {isa = PBXBuildFile; fileRef = BB1CFDE72C212654006F3FAE /* ContentView.swift */; };
		BB1CFDEA2C212655006F3FAE /* Assets.xcassets in Resources */ = {isa = PBXBuildFile; fileRef = BB1CFDE92C212655006F3FAE /* Assets.xcassets */; };
		BB1CFDED2C212655006F3FAE /* Preview Assets.xcassets in Resources */ = {isa = PBXBuildFile; fileRef = BB1CFDEC2C212655006F3FAE /* Preview Assets.xcassets */; };
		BB1CFDF72C212655006F3FAE /* RecipeTests.swift in Sources */ = {isa = PBXBuildFile; fileRef = BB1CFDF62C212655006F3FAE /* RecipeTests.swift */; };
		BB1CFE012C212655006F3FAE /* RecipeUITests.swift in Sources */ = {isa = PBXBuildFile; fileRef = BB1CFE002C212655006F3FAE /* RecipeUITests.swift */; };
		BB1CFE032C212655006F3FAE /* RecipeUITestsLaunchTests.swift in Sources */ = {isa = PBXBuildFile; fileRef = BB1CFE022C212655006F3FAE /* RecipeUITestsLaunchTests.swift */; };
		BB1CFE102C21271D006F3FAE /* DetailView.swift in Sources */ = {isa = PBXBuildFile; fileRef = BB1CFE0F2C21271D006F3FAE /* DetailView.swift */; };
		BB1CFE122C212734006F3FAE /* NetworkManager.swift in Sources */ = {isa = PBXBuildFile; fileRef = BB1CFE112C212734006F3FAE /* NetworkManager.swift */; };
		BB1CFE142C212753006F3FAE /* Model.swift in Sources */ = {isa = PBXBuildFile; fileRef = BB1CFE132C212753006F3FAE /* Model.swift */; };
		BB6F03522C21D9770016A6E4 /* ContentViewModel.swift in Sources */ = {isa = PBXBuildFile; fileRef = BB6F03512C21D9770016A6E4 /* ContentViewModel.swift */; };
/* End PBXBuildFile section */

/* Begin PBXContainerItemProxy section */
		BB1CFDF32C212655006F3FAE /* PBXContainerItemProxy */ = {
			isa = PBXContainerItemProxy;
			containerPortal = BB1CFDDA2C212654006F3FAE /* Project object */;
			proxyType = 1;
			remoteGlobalIDString = BB1CFDE12C212654006F3FAE;
			remoteInfo = Recipe;
		};
		BB1CFDFD2C212655006F3FAE /* PBXContainerItemProxy */ = {
			isa = PBXContainerItemProxy;
			containerPortal = BB1CFDDA2C212654006F3FAE /* Project object */;
			proxyType = 1;
			remoteGlobalIDString = BB1CFDE12C212654006F3FAE;
			remoteInfo = Recipe;
		};
/* End PBXContainerItemProxy section */

/* Begin PBXFileReference section */
		BB1CFDE22C212654006F3FAE /* Recipe.app */ = {isa = PBXFileReference; explicitFileType = wrapper.application; includeInIndex = 0; path = Recipe.app; sourceTree = BUILT_PRODUCTS_DIR; };
		BB1CFDE52C212654006F3FAE /* RecipeApp.swift */ = {isa = PBXFileReference; lastKnownFileType = sourcecode.swift; path = RecipeApp.swift; sourceTree = "<group>"; };
		BB1CFDE72C212654006F3FAE /* ContentView.swift */ = {isa = PBXFileReference; lastKnownFileType = sourcecode.swift; path = ContentView.swift; sourceTree = "<group>"; };
		BB1CFDE92C212655006F3FAE /* Assets.xcassets */ = {isa = PBXFileReference; lastKnownFileType = folder.assetcatalog; path = Assets.xcassets; sourceTree = "<group>"; };
		BB1CFDEC2C212655006F3FAE /* Preview Assets.xcassets */ = {isa = PBXFileReference; lastKnownFileType = folder.assetcatalog; path = "Preview Assets.xcassets"; sourceTree = "<group>"; };
		BB1CFDF22C212655006F3FAE /* RecipeTests.xctest */ = {isa = PBXFileReference; explicitFileType = wrapper.cfbundle; includeInIndex = 0; path = RecipeTests.xctest; sourceTree = BUILT_PRODUCTS_DIR; };
		BB1CFDF62C212655006F3FAE /* RecipeTests.swift */ = {isa = PBXFileReference; lastKnownFileType = sourcecode.swift; path = RecipeTests.swift; sourceTree = "<group>"; };
		BB1CFDFC2C212655006F3FAE /* RecipeUITests.xctest */ = {isa = PBXFileReference; explicitFileType = wrapper.cfbundle; includeInIndex = 0; path = RecipeUITests.xctest; sourceTree = BUILT_PRODUCTS_DIR; };
		BB1CFE002C212655006F3FAE /* RecipeUITests.swift */ = {isa = PBXFileReference; lastKnownFileType = sourcecode.swift; path = RecipeUITests.swift; sourceTree = "<group>"; };
		BB1CFE022C212655006F3FAE /* RecipeUITestsLaunchTests.swift */ = {isa = PBXFileReference; lastKnownFileType = sourcecode.swift; path = RecipeUITestsLaunchTests.swift; sourceTree = "<group>"; };
		BB1CFE0F2C21271D006F3FAE /* DetailView.swift */ = {isa = PBXFileReference; lastKnownFileType = sourcecode.swift; path = DetailView.swift; sourceTree = "<group>"; };
		BB1CFE112C212734006F3FAE /* NetworkManager.swift */ = {isa = PBXFileReference; lastKnownFileType = sourcecode.swift; path = NetworkManager.swift; sourceTree = "<group>"; };
		BB1CFE132C212753006F3FAE /* Model.swift */ = {isa = PBXFileReference; lastKnownFileType = sourcecode.swift; path = Model.swift; sourceTree = "<group>"; };
		BB6F03512C21D9770016A6E4 /* ContentViewModel.swift */ = {isa = PBXFileReference; lastKnownFileType = sourcecode.swift; path = ContentViewModel.swift; sourceTree = "<group>"; };
/* End PBXFileReference section */

/* Begin PBXFrameworksBuildPhase section */
		BB1CFDDF2C212654006F3FAE /* Frameworks */ = {
			isa = PBXFrameworksBuildPhase;
			buildActionMask = 2147483647;
			files = (
			);
			runOnlyForDeploymentPostprocessing = 0;
		};
		BB1CFDEF2C212655006F3FAE /* Frameworks */ = {
			isa = PBXFrameworksBuildPhase;
			buildActionMask = 2147483647;
			files = (
			);
			runOnlyForDeploymentPostprocessing = 0;
		};
		BB1CFDF92C212655006F3FAE /* Frameworks */ = {
			isa = PBXFrameworksBuildPhase;
			buildActionMask = 2147483647;
			files = (
			);
			runOnlyForDeploymentPostprocessing = 0;
		};
/* End PBXFrameworksBuildPhase section */

/* Begin PBXGroup section */
		BB1CFDD92C212654006F3FAE = {
			isa = PBXGroup;
			children = (
				BB1CFDE42C212654006F3FAE /* Recipe */,
				BB1CFDF52C212655006F3FAE /* RecipeTests */,
				BB1CFDFF2C212655006F3FAE /* RecipeUITests */,
				BB1CFDE32C212654006F3FAE /* Products */,
			);
			sourceTree = "<group>";
		};
		BB1CFDE32C212654006F3FAE /* Products */ = {
			isa = PBXGroup;
			children = (
				BB1CFDE22C212654006F3FAE /* Recipe.app */,
				BB1CFDF22C212655006F3FAE /* RecipeTests.xctest */,
				BB1CFDFC2C212655006F3FAE /* RecipeUITests.xctest */,
			);
			name = Products;
			sourceTree = "<group>";
		};
		BB1CFDE42C212654006F3FAE /* Recipe */ = {
			isa = PBXGroup;
			children = (
				BB1CFDE52C212654006F3FAE /* RecipeApp.swift */,
				BB1CFDE72C212654006F3FAE /* ContentView.swift */,
				BB1CFE0F2C21271D006F3FAE /* DetailView.swift */,
				BB1CFE112C212734006F3FAE /* NetworkManager.swift */,
				BB1CFE132C212753006F3FAE /* Model.swift */,
				BB6F03512C21D9770016A6E4 /* ContentViewModel.swift */,
				BB1CFDE92C212655006F3FAE /* Assets.xcassets */,
				BB1CFDEB2C212655006F3FAE /* Preview Content */,
			);
			path = Recipe;
			sourceTree = "<group>";
		};
		BB1CFDEB2C212655006F3FAE /* Preview Content */ = {
			isa = PBXGroup;
			children = (
				BB1CFDEC2C212655006F3FAE /* Preview Assets.xcassets */,
			);
			path = "Preview Content";
			sourceTree = "<group>";
		};
		BB1CFDF52C212655006F3FAE /* RecipeTests */ = {
			isa = PBXGroup;
			children = (
				BB1CFDF62C212655006F3FAE /* RecipeTests.swift */,
			);
			path = RecipeTests;
			sourceTree = "<group>";
		};
		BB1CFDFF2C212655006F3FAE /* RecipeUITests */ = {
			isa = PBXGroup;
			children = (
				BB1CFE002C212655006F3FAE /* RecipeUITests.swift */,
				BB1CFE022C212655006F3FAE /* RecipeUITestsLaunchTests.swift */,
			);
			path = RecipeUITests;
			sourceTree = "<group>";
		};
/* End PBXGroup section */

/* Begin PBXNativeTarget section */
		BB1CFDE12C212654006F3FAE /* Recipe */ = {
			isa = PBXNativeTarget;
			buildConfigurationList = BB1CFE062C212655006F3FAE /* Build configuration list for PBXNativeTarget "Recipe" */;
			buildPhases = (
				BB1CFDDE2C212654006F3FAE /* Sources */,
				BB1CFDDF2C212654006F3FAE /* Frameworks */,
				BB1CFDE02C212654006F3FAE /* Resources */,
			);
			buildRules = (
			);
			dependencies = (
			);
			name = Recipe;
			productName = Recipe;
			productReference = BB1CFDE22C212654006F3FAE /* Recipe.app */;
			productType = "com.apple.product-type.application";
		};
		BB1CFDF12C212655006F3FAE /* RecipeTests */ = {
			isa = PBXNativeTarget;
			buildConfigurationList = BB1CFE092C212655006F3FAE /* Build configuration list for PBXNativeTarget "RecipeTests" */;
			buildPhases = (
				BB1CFDEE2C212655006F3FAE /* Sources */,
				BB1CFDEF2C212655006F3FAE /* Frameworks */,
				BB1CFDF02C212655006F3FAE /* Resources */,
			);
			buildRules = (
			);
			dependencies = (
				BB1CFDF42C212655006F3FAE /* PBXTargetDependency */,
			);
			name = RecipeTests;
			productName = RecipeTests;
			productReference = BB1CFDF22C212655006F3FAE /* RecipeTests.xctest */;
			productType = "com.apple.product-type.bundle.unit-test";
		};
		BB1CFDFB2C212655006F3FAE /* RecipeUITests */ = {
			isa = PBXNativeTarget;
			buildConfigurationList = BB1CFE0C2C212655006F3FAE /* Build configuration list for PBXNativeTarget "RecipeUITests" */;
			buildPhases = (
				BB1CFDF82C212655006F3FAE /* Sources */,
				BB1CFDF92C212655006F3FAE /* Frameworks */,
				BB1CFDFA2C212655006F3FAE /* Resources */,
			);
			buildRules = (
			);
			dependencies = (
				BB1CFDFE2C212655006F3FAE /* PBXTargetDependency */,
			);
			name = RecipeUITests;
			productName = RecipeUITests;
			productReference = BB1CFDFC2C212655006F3FAE /* RecipeUITests.xctest */;
			productType = "com.apple.product-type.bundle.ui-testing";
		};
/* End PBXNativeTarget section */

/* Begin PBXProject section */
		BB1CFDDA2C212654006F3FAE /* Project object */ = {
			isa = PBXProject;
			attributes = {
				BuildIndependentTargetsInParallel = 1;
				LastSwiftUpdateCheck = 1540;
				LastUpgradeCheck = 1540;
				TargetAttributes = {
					BB1CFDE12C212654006F3FAE = {
						CreatedOnToolsVersion = 15.4;
					};
					BB1CFDF12C212655006F3FAE = {
						CreatedOnToolsVersion = 15.4;
						TestTargetID = BB1CFDE12C212654006F3FAE;
					};
					BB1CFDFB2C212655006F3FAE = {
						CreatedOnToolsVersion = 15.4;
						TestTargetID = BB1CFDE12C212654006F3FAE;
					};
				};
			};
			buildConfigurationList = BB1CFDDD2C212654006F3FAE /* Build configuration list for PBXProject "Recipe" */;
			compatibilityVersion = "Xcode 14.0";
			developmentRegion = en;
			hasScannedForEncodings = 0;
			knownRegions = (
				en,
				Base,
			);
			mainGroup = BB1CFDD92C212654006F3FAE;
			productRefGroup = BB1CFDE32C212654006F3FAE /* Products */;
			projectDirPath = "";
			projectRoot = "";
			targets = (
				BB1CFDE12C212654006F3FAE /* Recipe */,
				BB1CFDF12C212655006F3FAE /* RecipeTests */,
				BB1CFDFB2C212655006F3FAE /* RecipeUITests */,
			);
		};
/* End PBXProject section */

/* Begin PBXResourcesBuildPhase section */
		BB1CFDE02C212654006F3FAE /* Resources */ = {
			isa = PBXResourcesBuildPhase;
			buildActionMask = 2147483647;
			files = (
				BB1CFDED2C212655006F3FAE /* Preview Assets.xcassets in Resources */,
				BB1CFDEA2C212655006F3FAE /* Assets.xcassets in Resources */,
			);
			runOnlyForDeploymentPostprocessing = 0;
		};
		BB1CFDF02C212655006F3FAE /* Resources */ = {
			isa = PBXResourcesBuildPhase;
			buildActionMask = 2147483647;
			files = (
			);
			runOnlyForDeploymentPostprocessing = 0;
		};
		BB1CFDFA2C212655006F3FAE /* Resources */ = {
			isa = PBXResourcesBuildPhase;
			buildActionMask = 2147483647;
			files = (
			);
			runOnlyForDeploymentPostprocessing = 0;
		};
/* End PBXResourcesBuildPhase section */

/* Begin PBXSourcesBuildPhase section */
		BB1CFDDE2C212654006F3FAE /* Sources */ = {
			isa = PBXSourcesBuildPhase;
			buildActionMask = 2147483647;
			files = (
				BB1CFE142C212753006F3FAE /* Model.swift in Sources */,
				BB1CFE122C212734006F3FAE /* NetworkManager.swift in Sources */,
				BB6F03522C21D9770016A6E4 /* ContentViewModel.swift in Sources */,
				BB1CFDE82C212654006F3FAE /* ContentView.swift in Sources */,
				BB1CFE102C21271D006F3FAE /* DetailView.swift in Sources */,
				BB1CFDE62C212654006F3FAE /* RecipeApp.swift in Sources */,
			);
			runOnlyForDeploymentPostprocessing = 0;
		};
		BB1CFDEE2C212655006F3FAE /* Sources */ = {
			isa = PBXSourcesBuildPhase;
			buildActionMask = 2147483647;
			files = (
				BB1CFDF72C212655006F3FAE /* RecipeTests.swift in Sources */,
			);
			runOnlyForDeploymentPostprocessing = 0;
		};
		BB1CFDF82C212655006F3FAE /* Sources */ = {
			isa = PBXSourcesBuildPhase;
			buildActionMask = 2147483647;
			files = (
				BB1CFE032C212655006F3FAE /* RecipeUITestsLaunchTests.swift in Sources */,
				BB1CFE012C212655006F3FAE /* RecipeUITests.swift in Sources */,
			);
			runOnlyForDeploymentPostprocessing = 0;
		};
/* End PBXSourcesBuildPhase section */

/* Begin PBXTargetDependency section */
		BB1CFDF42C212655006F3FAE /* PBXTargetDependency */ = {
			isa = PBXTargetDependency;
			target = BB1CFDE12C212654006F3FAE /* Recipe */;
			targetProxy = BB1CFDF32C212655006F3FAE /* PBXContainerItemProxy */;
		};
		BB1CFDFE2C212655006F3FAE /* PBXTargetDependency */ = {
			isa = PBXTargetDependency;
			target = BB1CFDE12C212654006F3FAE /* Recipe */;
			targetProxy = BB1CFDFD2C212655006F3FAE /* PBXContainerItemProxy */;
		};
/* End PBXTargetDependency section */

/* Begin XCBuildConfiguration section */
		BB1CFE042C212655006F3FAE /* Debug */ = {
			isa = XCBuildConfiguration;
			buildSettings = {
				ALWAYS_SEARCH_USER_PATHS = NO;
				ASSETCATALOG_COMPILER_GENERATE_SWIFT_ASSET_SYMBOL_EXTENSIONS = YES;
				CLANG_ANALYZER_NONNULL = YES;
				CLANG_ANALYZER_NUMBER_OBJECT_CONVERSION = YES_AGGRESSIVE;
				CLANG_CXX_LANGUAGE_STANDARD = "gnu++20";
				CLANG_ENABLE_MODULES = YES;
				CLANG_ENABLE_OBJC_ARC = YES;
				CLANG_ENABLE_OBJC_WEAK = YES;
				CLANG_WARN_BLOCK_CAPTURE_AUTORELEASING = YES;
				CLANG_WARN_BOOL_CONVERSION = YES;
				CLANG_WARN_COMMA = YES;
				CLANG_WARN_CONSTANT_CONVERSION = YES;
				CLANG_WARN_DEPRECATED_OBJC_IMPLEMENTATIONS = YES;
				CLANG_WARN_DIRECT_OBJC_ISA_USAGE = YES_ERROR;
				CLANG_WARN_DOCUMENTATION_COMMENTS = YES;
				CLANG_WARN_EMPTY_BODY = YES;
				CLANG_WARN_ENUM_CONVERSION = YES;
				CLANG_WARN_INFINITE_RECURSION = YES;
				CLANG_WARN_INT_CONVERSION = YES;
				CLANG_WARN_NON_LITERAL_NULL_CONVERSION = YES;
				CLANG_WARN_OBJC_IMPLICIT_RETAIN_SELF = YES;
				CLANG_WARN_OBJC_LITERAL_CONVERSION = YES;
				CLANG_WARN_OBJC_ROOT_CLASS = YES_ERROR;
				CLANG_WARN_QUOTED_INCLUDE_IN_FRAMEWORK_HEADER = YES;
				CLANG_WARN_RANGE_LOOP_ANALYSIS = YES;
				CLANG_WARN_STRICT_PROTOTYPES = YES;
				CLANG_WARN_SUSPICIOUS_MOVE = YES;
				CLANG_WARN_UNGUARDED_AVAILABILITY = YES_AGGRESSIVE;
				CLANG_WARN_UNREACHABLE_CODE = YES;
				CLANG_WARN__DUPLICATE_METHOD_MATCH = YES;
				COPY_PHASE_STRIP = NO;
				DEBUG_INFORMATION_FORMAT = dwarf;
				ENABLE_STRICT_OBJC_MSGSEND = YES;
				ENABLE_TESTABILITY = YES;
				ENABLE_USER_SCRIPT_SANDBOXING = YES;
				GCC_C_LANGUAGE_STANDARD = gnu17;
				GCC_DYNAMIC_NO_PIC = NO;
				GCC_NO_COMMON_BLOCKS = YES;
				GCC_OPTIMIZATION_LEVEL = 0;
				GCC_PREPROCESSOR_DEFINITIONS = (
					"DEBUG=1",
					"$(inherited)",
				);
				GCC_WARN_64_TO_32_BIT_CONVERSION = YES;
				GCC_WARN_ABOUT_RETURN_TYPE = YES_ERROR;
				GCC_WARN_UNDECLARED_SELECTOR = YES;
				GCC_WARN_UNINITIALIZED_AUTOS = YES_AGGRESSIVE;
				GCC_WARN_UNUSED_FUNCTION = YES;
				GCC_WARN_UNUSED_VARIABLE = YES;
				IPHONEOS_DEPLOYMENT_TARGET = 17.5;
				LOCALIZATION_PREFERS_STRING_CATALOGS = YES;
				MTL_ENABLE_DEBUG_INFO = INCLUDE_SOURCE;
				MTL_FAST_MATH = YES;
				ONLY_ACTIVE_ARCH = YES;
				SDKROOT = iphoneos;
				SWIFT_ACTIVE_COMPILATION_CONDITIONS = "DEBUG $(inherited)";
				SWIFT_OPTIMIZATION_LEVEL = "-Onone";
			};
			name = Debug;
		};
		BB1CFE052C212655006F3FAE /* Release */ = {
			isa = XCBuildConfiguration;
			buildSettings = {
				ALWAYS_SEARCH_USER_PATHS = NO;
				ASSETCATALOG_COMPILER_GENERATE_SWIFT_ASSET_SYMBOL_EXTENSIONS = YES;
				CLANG_ANALYZER_NONNULL = YES;
				CLANG_ANALYZER_NUMBER_OBJECT_CONVERSION = YES_AGGRESSIVE;
				CLANG_CXX_LANGUAGE_STANDARD = "gnu++20";
				CLANG_ENABLE_MODULES = YES;
				CLANG_ENABLE_OBJC_ARC = YES;
				CLANG_ENABLE_OBJC_WEAK = YES;
				CLANG_WARN_BLOCK_CAPTURE_AUTORELEASING = YES;
				CLANG_WARN_BOOL_CONVERSION = YES;
				CLANG_WARN_COMMA = YES;
				CLANG_WARN_CONSTANT_CONVERSION = YES;
				CLANG_WARN_DEPRECATED_OBJC_IMPLEMENTATIONS = YES;
				CLANG_WARN_DIRECT_OBJC_ISA_USAGE = YES_ERROR;
				CLANG_WARN_DOCUMENTATION_COMMENTS = YES;
				CLANG_WARN_EMPTY_BODY = YES;
				CLANG_WARN_ENUM_CONVERSION = YES;
				CLANG_WARN_INFINITE_RECURSION = YES;
				CLANG_WARN_INT_CONVERSION = YES;
				CLANG_WARN_NON_LITERAL_NULL_CONVERSION = YES;
				CLANG_WARN_OBJC_IMPLICIT_RETAIN_SELF = YES;
				CLANG_WARN_OBJC_LITERAL_CONVERSION = YES;
				CLANG_WARN_OBJC_ROOT_CLASS = YES_ERROR;
				CLANG_WARN_QUOTED_INCLUDE_IN_FRAMEWORK_HEADER = YES;
				CLANG_WARN_RANGE_LOOP_ANALYSIS = YES;
				CLANG_WARN_STRICT_PROTOTYPES = YES;
				CLANG_WARN_SUSPICIOUS_MOVE = YES;
				CLANG_WARN_UNGUARDED_AVAILABILITY = YES_AGGRESSIVE;
				CLANG_WARN_UNREACHABLE_CODE = YES;
				CLANG_WARN__DUPLICATE_METHOD_MATCH = YES;
				COPY_PHASE_STRIP = NO;
				DEBUG_INFORMATION_FORMAT = "dwarf-with-dsym";
				ENABLE_NS_ASSERTIONS = NO;
				ENABLE_STRICT_OBJC_MSGSEND = YES;
				ENABLE_USER_SCRIPT_SANDBOXING = YES;
				GCC_C_LANGUAGE_STANDARD = gnu17;
				GCC_NO_COMMON_BLOCKS = YES;
				GCC_WARN_64_TO_32_BIT_CONVERSION = YES;
				GCC_WARN_ABOUT_RETURN_TYPE = YES_ERROR;
				GCC_WARN_UNDECLARED_SELECTOR = YES;
				GCC_WARN_UNINITIALIZED_AUTOS = YES_AGGRESSIVE;
				GCC_WARN_UNUSED_FUNCTION = YES;
				GCC_WARN_UNUSED_VARIABLE = YES;
				IPHONEOS_DEPLOYMENT_TARGET = 17.5;
				LOCALIZATION_PREFERS_STRING_CATALOGS = YES;
				MTL_ENABLE_DEBUG_INFO = NO;
				MTL_FAST_MATH = YES;
				SDKROOT = iphoneos;
				SWIFT_COMPILATION_MODE = wholemodule;
				VALIDATE_PRODUCT = YES;
			};
			name = Release;
		};
		BB1CFE072C212655006F3FAE /* Debug */ = {
			isa = XCBuildConfiguration;
			buildSettings = {
				ASSETCATALOG_COMPILER_APPICON_NAME = AppIcon;
				ASSETCATALOG_COMPILER_GLOBAL_ACCENT_COLOR_NAME = AccentColor;
				CODE_SIGN_STYLE = Automatic;
				CURRENT_PROJECT_VERSION = 1;
				DEVELOPMENT_ASSET_PATHS = "\"Recipe/Preview Content\"";
				ENABLE_PREVIEWS = YES;
				GENERATE_INFOPLIST_FILE = YES;
				INFOPLIST_KEY_UIApplicationSceneManifest_Generation = YES;
				INFOPLIST_KEY_UIApplicationSupportsIndirectInputEvents = YES;
				INFOPLIST_KEY_UILaunchScreen_Generation = YES;
				INFOPLIST_KEY_UISupportedInterfaceOrientations_iPad = "UIInterfaceOrientationPortrait UIInterfaceOrientationPortraitUpsideDown UIInterfaceOrientationLandscapeLeft UIInterfaceOrientationLandscapeRight";
				INFOPLIST_KEY_UISupportedInterfaceOrientations_iPhone = "UIInterfaceOrientationPortrait UIInterfaceOrientationLandscapeLeft UIInterfaceOrientationLandscapeRight";
				LD_RUNPATH_SEARCH_PATHS = (
					"$(inherited)",
					"@executable_path/Frameworks",
				);
				MARKETING_VERSION = 1.0;
				PRODUCT_BUNDLE_IDENTIFIER = Fetch.Recipe;
				PRODUCT_NAME = "$(TARGET_NAME)";
				SWIFT_EMIT_LOC_STRINGS = YES;
				SWIFT_VERSION = 5.0;
				TARGETED_DEVICE_FAMILY = "1,2";
			};
			name = Debug;
		};
		BB1CFE082C212655006F3FAE /* Release */ = {
			isa = XCBuildConfiguration;
			buildSettings = {
				ASSETCATALOG_COMPILER_APPICON_NAME = AppIcon;
				ASSETCATALOG_COMPILER_GLOBAL_ACCENT_COLOR_NAME = AccentColor;
				CODE_SIGN_STYLE = Automatic;
				CURRENT_PROJECT_VERSION = 1;
				DEVELOPMENT_ASSET_PATHS = "\"Recipe/Preview Content\"";
				ENABLE_PREVIEWS = YES;
				GENERATE_INFOPLIST_FILE = YES;
				INFOPLIST_KEY_UIApplicationSceneManifest_Generation = YES;
				INFOPLIST_KEY_UIApplicationSupportsIndirectInputEvents = YES;
				INFOPLIST_KEY_UILaunchScreen_Generation = YES;
				INFOPLIST_KEY_UISupportedInterfaceOrientations_iPad = "UIInterfaceOrientationPortrait UIInterfaceOrientationPortraitUpsideDown UIInterfaceOrientationLandscapeLeft UIInterfaceOrientationLandscapeRight";
				INFOPLIST_KEY_UISupportedInterfaceOrientations_iPhone = "UIInterfaceOrientationPortrait UIInterfaceOrientationLandscapeLeft UIInterfaceOrientationLandscapeRight";
				LD_RUNPATH_SEARCH_PATHS = (
					"$(inherited)",
					"@executable_path/Frameworks",
				);
				MARKETING_VERSION = 1.0;
				PRODUCT_BUNDLE_IDENTIFIER = Fetch.Recipe;
				PRODUCT_NAME = "$(TARGET_NAME)";
				SWIFT_EMIT_LOC_STRINGS = YES;
				SWIFT_VERSION = 5.0;
				TARGETED_DEVICE_FAMILY = "1,2";
			};
			name = Release;
		};
		BB1CFE0A2C212655006F3FAE /* Debug */ = {
			isa = XCBuildConfiguration;
			buildSettings = {
				ALWAYS_EMBED_SWIFT_STANDARD_LIBRARIES = YES;
				BUNDLE_LOADER = "$(TEST_HOST)";
				CODE_SIGN_STYLE = Automatic;
				CURRENT_PROJECT_VERSION = 1;
				GENERATE_INFOPLIST_FILE = YES;
				IPHONEOS_DEPLOYMENT_TARGET = 17.5;
				MARKETING_VERSION = 1.0;
				PRODUCT_BUNDLE_IDENTIFIER = Fetch.RecipeTests;
				PRODUCT_NAME = "$(TARGET_NAME)";
				SWIFT_EMIT_LOC_STRINGS = NO;
				SWIFT_VERSION = 5.0;
				TARGETED_DEVICE_FAMILY = "1,2";
				TEST_HOST = "$(BUILT_PRODUCTS_DIR)/Recipe.app/$(BUNDLE_EXECUTABLE_FOLDER_PATH)/Recipe";
			};
			name = Debug;
		};
		BB1CFE0B2C212655006F3FAE /* Release */ = {
			isa = XCBuildConfiguration;
			buildSettings = {
				ALWAYS_EMBED_SWIFT_STANDARD_LIBRARIES = YES;
				BUNDLE_LOADER = "$(TEST_HOST)";
				CODE_SIGN_STYLE = Automatic;
				CURRENT_PROJECT_VERSION = 1;
				GENERATE_INFOPLIST_FILE = YES;
				IPHONEOS_DEPLOYMENT_TARGET = 17.5;
				MARKETING_VERSION = 1.0;
				PRODUCT_BUNDLE_IDENTIFIER = Fetch.RecipeTests;
				PRODUCT_NAME = "$(TARGET_NAME)";
				SWIFT_EMIT_LOC_STRINGS = NO;
				SWIFT_VERSION = 5.0;
				TARGETED_DEVICE_FAMILY = "1,2";
				TEST_HOST = "$(BUILT_PRODUCTS_DIR)/Recipe.app/$(BUNDLE_EXECUTABLE_FOLDER_PATH)/Recipe";
			};
			name = Release;
		};
		BB1CFE0D2C212655006F3FAE /* Debug */ = {
			isa = XCBuildConfiguration;
			buildSettings = {
				ALWAYS_EMBED_SWIFT_STANDARD_LIBRARIES = YES;
				CODE_SIGN_STYLE = Automatic;
				CURRENT_PROJECT_VERSION = 1;
				GENERATE_INFOPLIST_FILE = YES;
				MARKETING_VERSION = 1.0;
				PRODUCT_BUNDLE_IDENTIFIER = Fetch.RecipeUITests;
				PRODUCT_NAME = "$(TARGET_NAME)";
				SWIFT_EMIT_LOC_STRINGS = NO;
				SWIFT_VERSION = 5.0;
				TARGETED_DEVICE_FAMILY = "1,2";
				TEST_TARGET_NAME = Recipe;
			};
			name = Debug;
		};
		BB1CFE0E2C212655006F3FAE /* Release */ = {
			isa = XCBuildConfiguration;
			buildSettings = {
				ALWAYS_EMBED_SWIFT_STANDARD_LIBRARIES = YES;
				CODE_SIGN_STYLE = Automatic;
				CURRENT_PROJECT_VERSION = 1;
				GENERATE_INFOPLIST_FILE = YES;
				MARKETING_VERSION = 1.0;
				PRODUCT_BUNDLE_IDENTIFIER = Fetch.RecipeUITests;
				PRODUCT_NAME = "$(TARGET_NAME)";
				SWIFT_EMIT_LOC_STRINGS = NO;
				SWIFT_VERSION = 5.0;
				TARGETED_DEVICE_FAMILY = "1,2";
				TEST_TARGET_NAME = Recipe;
			};
			name = Release;
		};
/* End XCBuildConfiguration section */

/* Begin XCConfigurationList section */
		BB1CFDDD2C212654006F3FAE /* Build configuration list for PBXProject "Recipe" */ = {
			isa = XCConfigurationList;
			buildConfigurations = (
				BB1CFE042C212655006F3FAE /* Debug */,
				BB1CFE052C212655006F3FAE /* Release */,
			);
			defaultConfigurationIsVisible = 0;
			defaultConfigurationName = Release;
		};
		BB1CFE062C212655006F3FAE /* Build configuration list for PBXNativeTarget "Recipe" */ = {
			isa = XCConfigurationList;
			buildConfigurations = (
				BB1CFE072C212655006F3FAE /* Debug */,
				BB1CFE082C212655006F3FAE /* Release */,
			);
			defaultConfigurationIsVisible = 0;
			defaultConfigurationName = Release;
		};
		BB1CFE092C212655006F3FAE /* Build configuration list for PBXNativeTarget "RecipeTests" */ = {
			isa = XCConfigurationList;
			buildConfigurations = (
				BB1CFE0A2C212655006F3FAE /* Debug */,
				BB1CFE0B2C212655006F3FAE /* Release */,
			);
			defaultConfigurationIsVisible = 0;
			defaultConfigurationName = Release;
		};
		BB1CFE0C2C212655006F3FAE /* Build configuration list for PBXNativeTarget "RecipeUITests" */ = {
			isa = XCConfigurationList;
			buildConfigurations = (
				BB1CFE0D2C212655006F3FAE /* Debug */,
				BB1CFE0E2C212655006F3FAE /* Release */,
			);
			defaultConfigurationIsVisible = 0;
			defaultConfigurationName = Release;
		};
/* End XCConfigurationList section */
	};
	rootObject = BB1CFDDA2C212654006F3FAE /* Project object */;
}
